// !$*UTF8*$!
{
	archiveVersion = 1;
	classes = {
	};
	objectVersion = 54;
	objects = {

/* Begin PBXBuildFile section */
		70032B1E27566F2700F8AE83 /* AppDelegate.swift in Sources */ = {isa = PBXBuildFile; fileRef = 70032B1D27566F2700F8AE83 /* AppDelegate.swift */; };
		70032B2027566F2700F8AE83 /* SceneDelegate.swift in Sources */ = {isa = PBXBuildFile; fileRef = 70032B1F27566F2700F8AE83 /* SceneDelegate.swift */; };
		70032B2227566F2700F8AE83 /* ViewController.swift in Sources */ = {isa = PBXBuildFile; fileRef = 70032B2127566F2700F8AE83 /* ViewController.swift */; };
		70032B2527566F2700F8AE83 /* Main.storyboard in Resources */ = {isa = PBXBuildFile; fileRef = 70032B2327566F2700F8AE83 /* Main.storyboard */; };
		70032B2727566F2800F8AE83 /* Assets.xcassets in Resources */ = {isa = PBXBuildFile; fileRef = 70032B2627566F2800F8AE83 /* Assets.xcassets */; };
		70032B2A27566F2800F8AE83 /* LaunchScreen.storyboard in Resources */ = {isa = PBXBuildFile; fileRef = 70032B2827566F2800F8AE83 /* LaunchScreen.storyboard */; };
		70032B32275675A000F8AE83 /* TableViewCell.swift in Sources */ = {isa = PBXBuildFile; fileRef = 70032B31275675A000F8AE83 /* TableViewCell.swift */; };
		70032B342756791400F8AE83 /* model.swift in Sources */ = {isa = PBXBuildFile; fileRef = 70032B332756791400F8AE83 /* model.swift */; };
		70E18D3C2756DBDA00A92CAF /* DetailsViewController.swift in Sources */ = {isa = PBXBuildFile; fileRef = 70E18D3B2756DBDA00A92CAF /* DetailsViewController.swift */; };
		70E18D3E2756E38E00A92CAF /* AddViewController.swift in Sources */ = {isa = PBXBuildFile; fileRef = 70E18D3D2756E38E00A92CAF /* AddViewController.swift */; };
/* End PBXBuildFile section */

/* Begin PBXFileReference section */
		70032B1A27566F2700F8AE83 /* MonPremierTableView.app */ = {isa = PBXFileReference; explicitFileType = wrapper.application; includeInIndex = 0; path = MonPremierTableView.app; sourceTree = BUILT_PRODUCTS_DIR; };
		70032B1D27566F2700F8AE83 /* AppDelegate.swift */ = {isa = PBXFileReference; lastKnownFileType = sourcecode.swift; path = AppDelegate.swift; sourceTree = "<group>"; };
		70032B1F27566F2700F8AE83 /* SceneDelegate.swift */ = {isa = PBXFileReference; lastKnownFileType = sourcecode.swift; path = SceneDelegate.swift; sourceTree = "<group>"; };
		70032B2127566F2700F8AE83 /* ViewController.swift */ = {isa = PBXFileReference; lastKnownFileType = sourcecode.swift; path = ViewController.swift; sourceTree = "<group>"; };
		70032B2427566F2700F8AE83 /* Base */ = {isa = PBXFileReference; lastKnownFileType = file.storyboard; name = Base; path = Base.lproj/Main.storyboard; sourceTree = "<group>"; };
		70032B2627566F2800F8AE83 /* Assets.xcassets */ = {isa = PBXFileReference; lastKnownFileType = folder.assetcatalog; path = Assets.xcassets; sourceTree = "<group>"; };
		70032B2927566F2800F8AE83 /* Base */ = {isa = PBXFileReference; lastKnownFileType = file.storyboard; name = Base; path = Base.lproj/LaunchScreen.storyboard; sourceTree = "<group>"; };
		70032B2B27566F2800F8AE83 /* Info.plist */ = {isa = PBXFileReference; lastKnownFileType = text.plist.xml; path = Info.plist; sourceTree = "<group>"; };
		70032B31275675A000F8AE83 /* TableViewCell.swift */ = {isa = PBXFileReference; lastKnownFileType = sourcecode.swift; path = TableViewCell.swift; sourceTree = "<group>"; };
		70032B332756791400F8AE83 /* model.swift */ = {isa = PBXFileReference; lastKnownFileType = sourcecode.swift; path = model.swift; sourceTree = "<group>"; };
		70E18D3B2756DBDA00A92CAF /* DetailsViewController.swift */ = {isa = PBXFileReference; lastKnownFileType = sourcecode.swift; path = DetailsViewController.swift; sourceTree = "<group>"; };
		70E18D3D2756E38E00A92CAF /* AddViewController.swift */ = {isa = PBXFileReference; lastKnownFileType = sourcecode.swift; path = AddViewController.swift; sourceTree = "<group>"; };
/* End PBXFileReference section */

/* Begin PBXFrameworksBuildPhase section */
		70032B1727566F2700F8AE83 /* Frameworks */ = {
			isa = PBXFrameworksBuildPhase;
			buildActionMask = 2147483647;
			files = (
			);
			runOnlyForDeploymentPostprocessing = 0;
		};
/* End PBXFrameworksBuildPhase section */

/* Begin PBXGroup section */
		70032B1127566F2700F8AE83 = {
			isa = PBXGroup;
			children = (
				70032B1C27566F2700F8AE83 /* MonPremierTableView */,
				70032B1B27566F2700F8AE83 /* Products */,
			);
			sourceTree = "<group>";
		};
		70032B1B27566F2700F8AE83 /* Products */ = {
			isa = PBXGroup;
			children = (
				70032B1A27566F2700F8AE83 /* MonPremierTableView.app */,
			);
			name = Products;
			sourceTree = "<group>";
		};
		70032B1C27566F2700F8AE83 /* MonPremierTableView */ = {
			isa = PBXGroup;
			children = (
				70032B1D27566F2700F8AE83 /* AppDelegate.swift */,
				70032B1F27566F2700F8AE83 /* SceneDelegate.swift */,
				70032B2127566F2700F8AE83 /* ViewController.swift */,
				70E18D3B2756DBDA00A92CAF /* DetailsViewController.swift */,
				70032B332756791400F8AE83 /* model.swift */,
				70032B31275675A000F8AE83 /* TableViewCell.swift */,
				70032B2327566F2700F8AE83 /* Main.storyboard */,
				70E18D3D2756E38E00A92CAF /* AddViewController.swift */,
				70032B2627566F2800F8AE83 /* Assets.xcassets */,
				70032B2827566F2800F8AE83 /* LaunchScreen.storyboard */,
				70032B2B27566F2800F8AE83 /* Info.plist */,
			);
			path = MonPremierTableView;
			sourceTree = "<group>";
		};
/* End PBXGroup section */

/* Begin PBXNativeTarget section */
		70032B1927566F2700F8AE83 /* MonPremierTableView */ = {
			isa = PBXNativeTarget;
			buildConfigurationList = 70032B2E27566F2800F8AE83 /* Build configuration list for PBXNativeTarget "MonPremierTableView" */;
			buildPhases = (
				70032B1627566F2700F8AE83 /* Sources */,
				70032B1727566F2700F8AE83 /* Frameworks */,
				70032B1827566F2700F8AE83 /* Resources */,
			);
			buildRules = (
			);
			dependencies = (
			);
			name = MonPremierTableView;
			productName = MonPremierTableView;
			productReference = 70032B1A27566F2700F8AE83 /* MonPremierTableView.app */;
			productType = "com.apple.product-type.application";
		};
/* End PBXNativeTarget section */

/* Begin PBXProject section */
		70032B1227566F2700F8AE83 /* Project object */ = {
			isa = PBXProject;
			attributes = {
				BuildIndependentTargetsInParallel = 1;
				LastSwiftUpdateCheck = 1310;
				LastUpgradeCheck = 1310;
				TargetAttributes = {
					70032B1927566F2700F8AE83 = {
						CreatedOnToolsVersion = 13.1;
					};
				};
			};
			buildConfigurationList = 70032B1527566F2700F8AE83 /* Build configuration list for PBXProject "MonPremierTableView" */;
			compatibilityVersion = "Xcode 12.0";
			developmentRegion = en;
			hasScannedForEncodings = 0;
			knownRegions = (
				en,
				Base,
			);
			mainGroup = 70032B1127566F2700F8AE83;
			productRefGroup = 70032B1B27566F2700F8AE83 /* Products */;
			projectDirPath = "";
			projectRoot = "";
			targets = (
				70032B1927566F2700F8AE83 /* MonPremierTableView */,
			);
		};
/* End PBXProject section */

/* Begin PBXResourcesBuildPhase section */
		70032B1827566F2700F8AE83 /* Resources */ = {
			isa = PBXResourcesBuildPhase;
			buildActionMask = 2147483647;
			files = (
				70032B2A27566F2800F8AE83 /* LaunchScreen.storyboard in Resources */,
				70032B2727566F2800F8AE83 /* Assets.xcassets in Resources */,
				70032B2527566F2700F8AE83 /* Main.storyboard in Resources */,
			);
			runOnlyForDeploymentPostprocessing = 0;
		};
/* End PBXResourcesBuildPhase section */

/* Begin PBXSourcesBuildPhase section */
		70032B1627566F2700F8AE83 /* Sources */ = {
			isa = PBXSourcesBuildPhase;
			buildActionMask = 2147483647;
			files = (
				70032B342756791400F8AE83 /* model.swift in Sources */,
				70032B2227566F2700F8AE83 /* ViewController.swift in Sources */,
				70E18D3E2756E38E00A92CAF /* AddViewController.swift in Sources */,
				70032B32275675A000F8AE83 /* TableViewCell.swift in Sources */,
				70032B1E27566F2700F8AE83 /* AppDelegate.swift in Sources */,
				70032B2027566F2700F8AE83 /* SceneDelegate.swift in Sources */,
				70E18D3C2756DBDA00A92CAF /* DetailsViewController.swift in Sources */,
			);
			runOnlyForDeploymentPostprocessing = 0;
		};
/* End PBXSourcesBuildPhase section */

/* Begin PBXVariantGroup section */
		70032B2327566F2700F8AE83 /* Main.storyboard */ = {
			isa = PBXVariantGroup;
			children = (
				70032B2427566F2700F8AE83 /* Base */,
			);
			name = Main.storyboard;
			sourceTree = "<group>";
		};
		70032B2827566F2800F8AE83 /* LaunchScreen.storyboard */ = {
			isa = PBXVariantGroup;
			children = (
				70032B2927566F2800F8AE83 /* Base */,
			);
			name = LaunchScreen.storyboard;
			sourceTree = "<group>";
		};
/* End PBXVariantGroup section */

/* Begin XCBuildConfiguration section */
		70032B2C27566F2800F8AE83 /* Debug */ = {
			isa = XCBuildConfiguration;
			buildSettings = {
				ALWAYS_SEARCH_USER_PATHS = NO;
				CLANG_ANALYZER_NONNULL = YES;
				CLANG_ANALYZER_NUMBER_OBJECT_CONVERSION = YES_AGGRESSIVE;
				CLANG_CXX_LANGUAGE_STANDARD = "gnu++17";
				CLANG_CXX_LIBRARY = "libc++";
				CLANG_ENABLE_MODULES = YES;
				CLANG_ENABLE_OBJC_ARC = YES;
				CLANG_ENABLE_OBJC_WEAK = YES;
				CLANG_WARN_BLOCK_CAPTURE_AUTORELEASING = YES;
				CLANG_WARN_BOOL_CONVERSION = YES;
				CLANG_WARN_COMMA = YES;
				CLANG_WARN_CONSTANT_CONVERSION = YES;
				CLANG_WARN_DEPRECATED_OBJC_IMPLEMENTATIONS = YES;
				CLANG_WARN_DIRECT_OBJC_ISA_USAGE = YES_ERROR;
				CLANG_WARN_DOCUMENTATION_COMMENTS = YES;
				CLANG_WARN_EMPTY_BODY = YES;
				CLANG_WARN_ENUM_CONVERSION = YES;
				CLANG_WARN_INFINITE_RECURSION = YES;
				CLANG_WARN_INT_CONVERSION = YES;
				CLANG_WARN_NON_LITERAL_NULL_CONVERSION = YES;
				CLANG_WARN_OBJC_IMPLICIT_RETAIN_SELF = YES;
				CLANG_WARN_OBJC_LITERAL_CONVERSION = YES;
				CLANG_WARN_OBJC_ROOT_CLASS = YES_ERROR;
				CLANG_WARN_QUOTED_INCLUDE_IN_FRAMEWORK_HEADER = YES;
				CLANG_WARN_RANGE_LOOP_ANALYSIS = YES;
				CLANG_WARN_STRICT_PROTOTYPES = YES;
				CLANG_WARN_SUSPICIOUS_MOVE = YES;
				CLANG_WARN_UNGUARDED_AVAILABILITY = YES_AGGRESSIVE;
				CLANG_WARN_UNREACHABLE_CODE = YES;
				CLANG_WARN__DUPLICATE_METHOD_MATCH = YES;
				COPY_PHASE_STRIP = NO;
				DEBUG_INFORMATION_FORMAT = dwarf;
				ENABLE_STRICT_OBJC_MSGSEND = YES;
				ENABLE_TESTABILITY = YES;
				GCC_C_LANGUAGE_STANDARD = gnu11;
				GCC_DYNAMIC_NO_PIC = NO;
				GCC_NO_COMMON_BLOCKS = YES;
				GCC_OPTIMIZATION_LEVEL = 0;
				GCC_PREPROCESSOR_DEFINITIONS = (
					"DEBUG=1",
					"$(inherited)",
				);
				GCC_WARN_64_TO_32_BIT_CONVERSION = YES;
				GCC_WARN_ABOUT_RETURN_TYPE = YES_ERROR;
				GCC_WARN_UNDECLARED_SELECTOR = YES;
				GCC_WARN_UNINITIALIZED_AUTOS = YES_AGGRESSIVE;
				GCC_WARN_UNUSED_FUNCTION = YES;
				GCC_WARN_UNUSED_VARIABLE = YES;
				IPHONEOS_DEPLOYMENT_TARGET = 15.0;
				MTL_ENABLE_DEBUG_INFO = INCLUDE_SOURCE;
				MTL_FAST_MATH = YES;
				ONLY_ACTIVE_ARCH = YES;
				SDKROOT = iphoneos;
				SWIFT_ACTIVE_COMPILATION_CONDITIONS = DEBUG;
				SWIFT_OPTIMIZATION_LEVEL = "-Onone";
			};
			name = Debug;
		};
		70032B2D27566F2800F8AE83 /* Release */ = {
			isa = XCBuildConfiguration;
			buildSettings = {
				ALWAYS_SEARCH_USER_PATHS = NO;
				CLANG_ANALYZER_NONNULL = YES;
				CLANG_ANALYZER_NUMBER_OBJECT_CONVERSION = YES_AGGRESSIVE;
				CLANG_CXX_LANGUAGE_STANDARD = "gnu++17";
				CLANG_CXX_LIBRARY = "libc++";
				CLANG_ENABLE_MODULES = YES;
				CLANG_ENABLE_OBJC_ARC = YES;
				CLANG_ENABLE_OBJC_WEAK = YES;
				CLANG_WARN_BLOCK_CAPTURE_AUTORELEASING = YES;
				CLANG_WARN_BOOL_CONVERSION = YES;
				CLANG_WARN_COMMA = YES;
				CLANG_WARN_CONSTANT_CONVERSION = YES;
				CLANG_WARN_DEPRECATED_OBJC_IMPLEMENTATIONS = YES;
				CLANG_WARN_DIRECT_OBJC_ISA_USAGE = YES_ERROR;
				CLANG_WARN_DOCUMENTATION_COMMENTS = YES;
				CLANG_WARN_EMPTY_BODY = YES;
				CLANG_WARN_ENUM_CONVERSION = YES;
				CLANG_WARN_INFINITE_RECURSION = YES;
				CLANG_WARN_INT_CONVERSION = YES;
				CLANG_WARN_NON_LITERAL_NULL_CONVERSION = YES;
				CLANG_WARN_OBJC_IMPLICIT_RETAIN_SELF = YES;
				CLANG_WARN_OBJC_LITERAL_CONVERSION = YES;
				CLANG_WARN_OBJC_ROOT_CLASS = YES_ERROR;
				CLANG_WARN_QUOTED_INCLUDE_IN_FRAMEWORK_HEADER = YES;
				CLANG_WARN_RANGE_LOOP_ANALYSIS = YES;
				CLANG_WARN_STRICT_PROTOTYPES = YES;
				CLANG_WARN_SUSPICIOUS_MOVE = YES;
				CLANG_WARN_UNGUARDED_AVAILABILITY = YES_AGGRESSIVE;
				CLANG_WARN_UNREACHABLE_CODE = YES;
				CLANG_WARN__DUPLICATE_METHOD_MATCH = YES;
				COPY_PHASE_STRIP = NO;
				DEBUG_INFORMATION_FORMAT = "dwarf-with-dsym";
				ENABLE_NS_ASSERTIONS = NO;
				ENABLE_STRICT_OBJC_MSGSEND = YES;
				GCC_C_LANGUAGE_STANDARD = gnu11;
				GCC_NO_COMMON_BLOCKS = YES;
				GCC_WARN_64_TO_32_BIT_CONVERSION = YES;
				GCC_WARN_ABOUT_RETURN_TYPE = YES_ERROR;
				GCC_WARN_UNDECLARED_SELECTOR = YES;
				GCC_WARN_UNINITIALIZED_AUTOS = YES_AGGRESSIVE;
				GCC_WARN_UNUSED_FUNCTION = YES;
				GCC_WARN_UNUSED_VARIABLE = YES;
				IPHONEOS_DEPLOYMENT_TARGET = 15.0;
				MTL_ENABLE_DEBUG_INFO = NO;
				MTL_FAST_MATH = YES;
				SDKROOT = iphoneos;
				SWIFT_COMPILATION_MODE = wholemodule;
				SWIFT_OPTIMIZATION_LEVEL = "-O";
				VALIDATE_PRODUCT = YES;
			};
			name = Release;
		};
		70032B2F27566F2800F8AE83 /* Debug */ = {
			isa = XCBuildConfiguration;
			buildSettings = {
				ASSETCATALOG_COMPILER_APPICON_NAME = AppIcon;
				ASSETCATALOG_COMPILER_GLOBAL_ACCENT_COLOR_NAME = AccentColor;
				CODE_SIGN_STYLE = Automatic;
				CURRENT_PROJECT_VERSION = 1;
				GENERATE_INFOPLIST_FILE = YES;
				INFOPLIST_FILE = MonPremierTableView/Info.plist;
				INFOPLIST_KEY_UIApplicationSupportsIndirectInputEvents = YES;
				INFOPLIST_KEY_UILaunchStoryboardName = LaunchScreen;
				INFOPLIST_KEY_UIMainStoryboardFile = Main;
				INFOPLIST_KEY_UISupportedInterfaceOrientations_iPad = "UIInterfaceOrientationPortrait UIInterfaceOrientationPortraitUpsideDown UIInterfaceOrientationLandscapeLeft UIInterfaceOrientationLandscapeRight";
				INFOPLIST_KEY_UISupportedInterfaceOrientations_iPhone = "UIInterfaceOrientationPortrait UIInterfaceOrientationLandscapeLeft UIInterfaceOrientationLandscapeRight";
				IPHONEOS_DEPLOYMENT_TARGET = 14.0;
				LD_RUNPATH_SEARCH_PATHS = (
					"$(inherited)",
					"@executable_path/Frameworks",
				);
				MARKETING_VERSION = 1.0;
				PRODUCT_BUNDLE_IDENTIFIER = ginhac.com.MonPremierTableView;
				PRODUCT_NAME = "$(TARGET_NAME)";
				SWIFT_EMIT_LOC_STRINGS = YES;
				SWIFT_VERSION = 5.0;
				TARGETED_DEVICE_FAMILY = "1,2";
			};
			name = Debug;
		};
		70032B3027566F2800F8AE83 /* Release */ = {
			isa = XCBuildConfiguration;
			buildSettings = {
				ASSETCATALOG_COMPILER_APPICON_NAME = AppIcon;
				ASSETCATALOG_COMPILER_GLOBAL_ACCENT_COLOR_NAME = AccentColor;
				CODE_SIGN_STYLE = Automatic;
				CURRENT_PROJECT_VERSION = 1;
				GENERATE_INFOPLIST_FILE = YES;
				INFOPLIST_FILE = MonPremierTableView/Info.plist;
				INFOPLIST_KEY_UIApplicationSupportsIndirectInputEvents = YES;
				INFOPLIST_KEY_UILaunchStoryboardName = LaunchScreen;
				INFOPLIST_KEY_UIMainStoryboardFile = Main;
				INFOPLIST_KEY_UISupportedInterfaceOrientations_iPad = "UIInterfaceOrientationPortrait UIInterfaceOrientationPortraitUpsideDown UIInterfaceOrientationLandscapeLeft UIInterfaceOrientationLandscapeRight";
				INFOPLIST_KEY_UISupportedInterfaceOrientations_iPhone = "UIInterfaceOrientationPortrait UIInterfaceOrientationLandscapeLeft UIInterfaceOrientationLandscapeRight";
				IPHONEOS_DEPLOYMENT_TARGET = 14.0;
				LD_RUNPATH_SEARCH_PATHS = (
					"$(inherited)",
					"@executable_path/Frameworks",
				);
				MARKETING_VERSION = 1.0;
				PRODUCT_BUNDLE_IDENTIFIER = ginhac.com.MonPremierTableView;
				PRODUCT_NAME = "$(TARGET_NAME)";
				SWIFT_EMIT_LOC_STRINGS = YES;
				SWIFT_VERSION = 5.0;
				TARGETED_DEVICE_FAMILY = "1,2";
			};
			name = Release;
		};
/* End XCBuildConfiguration section */

/* Begin XCConfigurationList section */
		70032B1527566F2700F8AE83 /* Build configuration list for PBXProject "MonPremierTableView" */ = {
			isa = XCConfigurationList;
			buildConfigurations = (
				70032B2C27566F2800F8AE83 /* Debug */,
				70032B2D27566F2800F8AE83 /* Release */,
			);
			defaultConfigurationIsVisible = 0;
			defaultConfigurationName = Release;
		};
		70032B2E27566F2800F8AE83 /* Build configuration list for PBXNativeTarget "MonPremierTableView" */ = {
			isa = XCConfigurationList;
			buildConfigurations = (
				70032B2F27566F2800F8AE83 /* Debug */,
				70032B3027566F2800F8AE83 /* Release */,
			);
			defaultConfigurationIsVisible = 0;
			defaultConfigurationName = Release;
		};
/* End XCConfigurationList section */
	};
	rootObject = 70032B1227566F2700F8AE83 /* Project object */;
}
