// !$*UTF8*$!
{
	archiveVersion = 1;
	classes = {
	};
	objectVersion = 50;
	objects = {

/* Begin PBXBuildFile section */
		7092FB0023C3E81900A6D643 /* AddPhotoViewController.swift in Sources */ = {isa = PBXBuildFile; fileRef = 7092FAFF23C3E81900A6D643 /* AddPhotoViewController.swift */; };
		70ACBF6B23CC6093006FE430 /* user.swift in Sources */ = {isa = PBXBuildFile; fileRef = 70ACBF6A23CC6093006FE430 /* user.swift */; };
		70AF9B7A239ECD6900C13254 /* AppDelegate.swift in Sources */ = {isa = PBXBuildFile; fileRef = 70AF9B79239ECD6900C13254 /* AppDelegate.swift */; };
		70AF9B7C239ECD6900C13254 /* SceneDelegate.swift in Sources */ = {isa = PBXBuildFile; fileRef = 70AF9B7B239ECD6900C13254 /* SceneDelegate.swift */; };
		70AF9B7E239ECD6900C13254 /* ViewController.swift in Sources */ = {isa = PBXBuildFile; fileRef = 70AF9B7D239ECD6900C13254 /* ViewController.swift */; };
		70AF9B81239ECD6900C13254 /* Main.storyboard in Resources */ = {isa = PBXBuildFile; fileRef = 70AF9B7F239ECD6900C13254 /* Main.storyboard */; };
		70AF9B83239ECD6C00C13254 /* Assets.xcassets in Resources */ = {isa = PBXBuildFile; fileRef = 70AF9B82239ECD6C00C13254 /* Assets.xcassets */; };
		70AF9B86239ECD6C00C13254 /* LaunchScreen.storyboard in Resources */ = {isa = PBXBuildFile; fileRef = 70AF9B84239ECD6C00C13254 /* LaunchScreen.storyboard */; };
		70AF9C08239ED71E00C13254 /* background.jpg in Resources */ = {isa = PBXBuildFile; fileRef = 70AF9C07239ED71E00C13254 /* background.jpg */; };
		70AF9C0A239ED7A600C13254 /* footer.jpg in Resources */ = {isa = PBXBuildFile; fileRef = 70AF9C09239ED7A600C13254 /* footer.jpg */; };
		70AF9C0C239ED9C900C13254 /* PhotoTableViewCell.swift in Sources */ = {isa = PBXBuildFile; fileRef = 70AF9C0B239ED9C900C13254 /* PhotoTableViewCell.swift */; };
		70AF9C10239EDEC200C13254 /* DetailsViewController.swift in Sources */ = {isa = PBXBuildFile; fileRef = 70AF9C0F239EDEC200C13254 /* DetailsViewController.swift */; };
/* End PBXBuildFile section */

/* Begin PBXFileReference section */
		7092FAFF23C3E81900A6D643 /* AddPhotoViewController.swift */ = {isa = PBXFileReference; lastKnownFileType = sourcecode.swift; path = AddPhotoViewController.swift; sourceTree = "<group>"; };
		70ACBF6A23CC6093006FE430 /* user.swift */ = {isa = PBXFileReference; lastKnownFileType = sourcecode.swift; path = user.swift; sourceTree = "<group>"; };
		70AF9B76239ECD6900C13254 /* photo.app */ = {isa = PBXFileReference; explicitFileType = wrapper.application; includeInIndex = 0; path = photo.app; sourceTree = BUILT_PRODUCTS_DIR; };
		70AF9B79239ECD6900C13254 /* AppDelegate.swift */ = {isa = PBXFileReference; lastKnownFileType = sourcecode.swift; path = AppDelegate.swift; sourceTree = "<group>"; };
		70AF9B7B239ECD6900C13254 /* SceneDelegate.swift */ = {isa = PBXFileReference; lastKnownFileType = sourcecode.swift; path = SceneDelegate.swift; sourceTree = "<group>"; };
		70AF9B7D239ECD6900C13254 /* ViewController.swift */ = {isa = PBXFileReference; lastKnownFileType = sourcecode.swift; path = ViewController.swift; sourceTree = "<group>"; };
		70AF9B80239ECD6900C13254 /* Base */ = {isa = PBXFileReference; lastKnownFileType = file.storyboard; name = Base; path = Base.lproj/Main.storyboard; sourceTree = "<group>"; };
		70AF9B82239ECD6C00C13254 /* Assets.xcassets */ = {isa = PBXFileReference; lastKnownFileType = folder.assetcatalog; path = Assets.xcassets; sourceTree = "<group>"; };
		70AF9B85239ECD6C00C13254 /* Base */ = {isa = PBXFileReference; lastKnownFileType = file.storyboard; name = Base; path = Base.lproj/LaunchScreen.storyboard; sourceTree = "<group>"; };
		70AF9B87239ECD6C00C13254 /* Info.plist */ = {isa = PBXFileReference; lastKnownFileType = text.plist.xml; path = Info.plist; sourceTree = "<group>"; };
		70AF9C07239ED71E00C13254 /* background.jpg */ = {isa = PBXFileReference; lastKnownFileType = image.jpeg; path = background.jpg; sourceTree = "<group>"; };
		70AF9C09239ED7A600C13254 /* footer.jpg */ = {isa = PBXFileReference; lastKnownFileType = image.jpeg; path = footer.jpg; sourceTree = "<group>"; };
		70AF9C0B239ED9C900C13254 /* PhotoTableViewCell.swift */ = {isa = PBXFileReference; lastKnownFileType = sourcecode.swift; path = PhotoTableViewCell.swift; sourceTree = "<group>"; };
		70AF9C0F239EDEC200C13254 /* DetailsViewController.swift */ = {isa = PBXFileReference; lastKnownFileType = sourcecode.swift; path = DetailsViewController.swift; sourceTree = "<group>"; };
/* End PBXFileReference section */

/* Begin PBXFrameworksBuildPhase section */
		70AF9B73239ECD6900C13254 /* Frameworks */ = {
			isa = PBXFrameworksBuildPhase;
			buildActionMask = 2147483647;
			files = (
			);
			runOnlyForDeploymentPostprocessing = 0;
		};
/* End PBXFrameworksBuildPhase section */

/* Begin PBXGroup section */
		70AF9B6D239ECD6900C13254 = {
			isa = PBXGroup;
			children = (
				70AF9B78239ECD6900C13254 /* photo */,
				70AF9B77239ECD6900C13254 /* Products */,
			);
			sourceTree = "<group>";
		};
		70AF9B77239ECD6900C13254 /* Products */ = {
			isa = PBXGroup;
			children = (
				70AF9B76239ECD6900C13254 /* photo.app */,
			);
			name = Products;
			sourceTree = "<group>";
		};
		70AF9B78239ECD6900C13254 /* photo */ = {
			isa = PBXGroup;
			children = (
				70AF9B79239ECD6900C13254 /* AppDelegate.swift */,
				70AF9B7B239ECD6900C13254 /* SceneDelegate.swift */,
				70AF9B7D239ECD6900C13254 /* ViewController.swift */,
				70ACBF6A23CC6093006FE430 /* user.swift */,
				70AF9B7F239ECD6900C13254 /* Main.storyboard */,
				7092FAFF23C3E81900A6D643 /* AddPhotoViewController.swift */,
				70AF9C0F239EDEC200C13254 /* DetailsViewController.swift */,
				70AF9C0B239ED9C900C13254 /* PhotoTableViewCell.swift */,
				70AF9B82239ECD6C00C13254 /* Assets.xcassets */,
				70AF9B84239ECD6C00C13254 /* LaunchScreen.storyboard */,
				70AF9B87239ECD6C00C13254 /* Info.plist */,
				70AF9C06239ED31400C13254 /* photos */,
			);
			path = photo;
			sourceTree = "<group>";
		};
		70AF9C06239ED31400C13254 /* photos */ = {
			isa = PBXGroup;
			children = (
				70AF9C09239ED7A600C13254 /* footer.jpg */,
				70AF9C07239ED71E00C13254 /* background.jpg */,
			);
			name = photos;
			sourceTree = "<group>";
		};
/* End PBXGroup section */

/* Begin PBXNativeTarget section */
		70AF9B75239ECD6900C13254 /* photo */ = {
			isa = PBXNativeTarget;
			buildConfigurationList = 70AF9B8A239ECD6C00C13254 /* Build configuration list for PBXNativeTarget "photo" */;
			buildPhases = (
				70AF9B72239ECD6900C13254 /* Sources */,
				70AF9B73239ECD6900C13254 /* Frameworks */,
				70AF9B74239ECD6900C13254 /* Resources */,
			);
			buildRules = (
			);
			dependencies = (
			);
			name = photo;
			productName = testTableView;
			productReference = 70AF9B76239ECD6900C13254 /* photo.app */;
			productType = "com.apple.product-type.application";
		};
/* End PBXNativeTarget section */

/* Begin PBXProject section */
		70AF9B6E239ECD6900C13254 /* Project object */ = {
			isa = PBXProject;
			attributes = {
				LastSwiftUpdateCheck = 1120;
				LastUpgradeCheck = 1120;
				ORGANIZATIONNAME = d0m;
				TargetAttributes = {
					70AF9B75239ECD6900C13254 = {
						CreatedOnToolsVersion = 11.2.1;
					};
				};
			};
			buildConfigurationList = 70AF9B71239ECD6900C13254 /* Build configuration list for PBXProject "photo" */;
			compatibilityVersion = "Xcode 9.3";
			developmentRegion = en;
			hasScannedForEncodings = 0;
			knownRegions = (
				en,
				Base,
			);
			mainGroup = 70AF9B6D239ECD6900C13254;
			productRefGroup = 70AF9B77239ECD6900C13254 /* Products */;
			projectDirPath = "";
			projectRoot = "";
			targets = (
				70AF9B75239ECD6900C13254 /* photo */,
			);
		};
/* End PBXProject section */

/* Begin PBXResourcesBuildPhase section */
		70AF9B74239ECD6900C13254 /* Resources */ = {
			isa = PBXResourcesBuildPhase;
			buildActionMask = 2147483647;
			files = (
				70AF9C0A239ED7A600C13254 /* footer.jpg in Resources */,
				70AF9B86239ECD6C00C13254 /* LaunchScreen.storyboard in Resources */,
				70AF9B83239ECD6C00C13254 /* Assets.xcassets in Resources */,
				70AF9C08239ED71E00C13254 /* background.jpg in Resources */,
				70AF9B81239ECD6900C13254 /* Main.storyboard in Resources */,
			);
			runOnlyForDeploymentPostprocessing = 0;
		};
/* End PBXResourcesBuildPhase section */

/* Begin PBXSourcesBuildPhase section */
		70AF9B72239ECD6900C13254 /* Sources */ = {
			isa = PBXSourcesBuildPhase;
			buildActionMask = 2147483647;
			files = (
				70AF9C0C239ED9C900C13254 /* PhotoTableViewCell.swift in Sources */,
				7092FB0023C3E81900A6D643 /* AddPhotoViewController.swift in Sources */,
				70AF9B7E239ECD6900C13254 /* ViewController.swift in Sources */,
				70AF9B7A239ECD6900C13254 /* AppDelegate.swift in Sources */,
				70ACBF6B23CC6093006FE430 /* user.swift in Sources */,
				70AF9B7C239ECD6900C13254 /* SceneDelegate.swift in Sources */,
				70AF9C10239EDEC200C13254 /* DetailsViewController.swift in Sources */,
			);
			runOnlyForDeploymentPostprocessing = 0;
		};
/* End PBXSourcesBuildPhase section */

/* Begin PBXVariantGroup section */
		70AF9B7F239ECD6900C13254 /* Main.storyboard */ = {
			isa = PBXVariantGroup;
			children = (
				70AF9B80239ECD6900C13254 /* Base */,
			);
			name = Main.storyboard;
			sourceTree = "<group>";
		};
		70AF9B84239ECD6C00C13254 /* LaunchScreen.storyboard */ = {
			isa = PBXVariantGroup;
			children = (
				70AF9B85239ECD6C00C13254 /* Base */,
			);
			name = LaunchScreen.storyboard;
			sourceTree = "<group>";
		};
/* End PBXVariantGroup section */

/* Begin XCBuildConfiguration section */
		70AF9B88239ECD6C00C13254 /* Debug */ = {
			isa = XCBuildConfiguration;
			buildSettings = {
				ALWAYS_SEARCH_USER_PATHS = NO;
				CLANG_ANALYZER_NONNULL = YES;
				CLANG_ANALYZER_NUMBER_OBJECT_CONVERSION = YES_AGGRESSIVE;
				CLANG_CXX_LANGUAGE_STANDARD = "gnu++14";
				CLANG_CXX_LIBRARY = "libc++";
				CLANG_ENABLE_MODULES = YES;
				CLANG_ENABLE_OBJC_ARC = YES;
				CLANG_ENABLE_OBJC_WEAK = YES;
				CLANG_WARN_BLOCK_CAPTURE_AUTORELEASING = YES;
				CLANG_WARN_BOOL_CONVERSION = YES;
				CLANG_WARN_COMMA = YES;
				CLANG_WARN_CONSTANT_CONVERSION = YES;
				CLANG_WARN_DEPRECATED_OBJC_IMPLEMENTATIONS = YES;
				CLANG_WARN_DIRECT_OBJC_ISA_USAGE = YES_ERROR;
				CLANG_WARN_DOCUMENTATION_COMMENTS = YES;
				CLANG_WARN_EMPTY_BODY = YES;
				CLANG_WARN_ENUM_CONVERSION = YES;
				CLANG_WARN_INFINITE_RECURSION = YES;
				CLANG_WARN_INT_CONVERSION = YES;
				CLANG_WARN_NON_LITERAL_NULL_CONVERSION = YES;
				CLANG_WARN_OBJC_IMPLICIT_RETAIN_SELF = YES;
				CLANG_WARN_OBJC_LITERAL_CONVERSION = YES;
				CLANG_WARN_OBJC_ROOT_CLASS = YES_ERROR;
				CLANG_WARN_RANGE_LOOP_ANALYSIS = YES;
				CLANG_WARN_STRICT_PROTOTYPES = YES;
				CLANG_WARN_SUSPICIOUS_MOVE = YES;
				CLANG_WARN_UNGUARDED_AVAILABILITY = YES_AGGRESSIVE;
				CLANG_WARN_UNREACHABLE_CODE = YES;
				CLANG_WARN__DUPLICATE_METHOD_MATCH = YES;
				COPY_PHASE_STRIP = NO;
				DEBUG_INFORMATION_FORMAT = dwarf;
				ENABLE_STRICT_OBJC_MSGSEND = YES;
				ENABLE_TESTABILITY = YES;
				GCC_C_LANGUAGE_STANDARD = gnu11;
				GCC_DYNAMIC_NO_PIC = NO;
				GCC_NO_COMMON_BLOCKS = YES;
				GCC_OPTIMIZATION_LEVEL = 0;
				GCC_PREPROCESSOR_DEFINITIONS = (
					"DEBUG=1",
					"$(inherited)",
				);
				GCC_WARN_64_TO_32_BIT_CONVERSION = YES;
				GCC_WARN_ABOUT_RETURN_TYPE = YES_ERROR;
				GCC_WARN_UNDECLARED_SELECTOR = YES;
				GCC_WARN_UNINITIALIZED_AUTOS = YES_AGGRESSIVE;
				GCC_WARN_UNUSED_FUNCTION = YES;
				GCC_WARN_UNUSED_VARIABLE = YES;
				IPHONEOS_DEPLOYMENT_TARGET = 13.2;
				MTL_ENABLE_DEBUG_INFO = INCLUDE_SOURCE;
				MTL_FAST_MATH = YES;
				ONLY_ACTIVE_ARCH = YES;
				SDKROOT = iphoneos;
				SWIFT_ACTIVE_COMPILATION_CONDITIONS = DEBUG;
				SWIFT_OPTIMIZATION_LEVEL = "-Onone";
			};
			name = Debug;
		};
		70AF9B89239ECD6C00C13254 /* Release */ = {
			isa = XCBuildConfiguration;
			buildSettings = {
				ALWAYS_SEARCH_USER_PATHS = NO;
				CLANG_ANALYZER_NONNULL = YES;
				CLANG_ANALYZER_NUMBER_OBJECT_CONVERSION = YES_AGGRESSIVE;
				CLANG_CXX_LANGUAGE_STANDARD = "gnu++14";
				CLANG_CXX_LIBRARY = "libc++";
				CLANG_ENABLE_MODULES = YES;
				CLANG_ENABLE_OBJC_ARC = YES;
				CLANG_ENABLE_OBJC_WEAK = YES;
				CLANG_WARN_BLOCK_CAPTURE_AUTORELEASING = YES;
				CLANG_WARN_BOOL_CONVERSION = YES;
				CLANG_WARN_COMMA = YES;
				CLANG_WARN_CONSTANT_CONVERSION = YES;
				CLANG_WARN_DEPRECATED_OBJC_IMPLEMENTATIONS = YES;
				CLANG_WARN_DIRECT_OBJC_ISA_USAGE = YES_ERROR;
				CLANG_WARN_DOCUMENTATION_COMMENTS = YES;
				CLANG_WARN_EMPTY_BODY = YES;
				CLANG_WARN_ENUM_CONVERSION = YES;
				CLANG_WARN_INFINITE_RECURSION = YES;
				CLANG_WARN_INT_CONVERSION = YES;
				CLANG_WARN_NON_LITERAL_NULL_CONVERSION = YES;
				CLANG_WARN_OBJC_IMPLICIT_RETAIN_SELF = YES;
				CLANG_WARN_OBJC_LITERAL_CONVERSION = YES;
				CLANG_WARN_OBJC_ROOT_CLASS = YES_ERROR;
				CLANG_WARN_RANGE_LOOP_ANALYSIS = YES;
				CLANG_WARN_STRICT_PROTOTYPES = YES;
				CLANG_WARN_SUSPICIOUS_MOVE = YES;
				CLANG_WARN_UNGUARDED_AVAILABILITY = YES_AGGRESSIVE;
				CLANG_WARN_UNREACHABLE_CODE = YES;
				CLANG_WARN__DUPLICATE_METHOD_MATCH = YES;
				COPY_PHASE_STRIP = NO;
				DEBUG_INFORMATION_FORMAT = "dwarf-with-dsym";
				ENABLE_NS_ASSERTIONS = NO;
				ENABLE_STRICT_OBJC_MSGSEND = YES;
				GCC_C_LANGUAGE_STANDARD = gnu11;
				GCC_NO_COMMON_BLOCKS = YES;
				GCC_WARN_64_TO_32_BIT_CONVERSION = YES;
				GCC_WARN_ABOUT_RETURN_TYPE = YES_ERROR;
				GCC_WARN_UNDECLARED_SELECTOR = YES;
				GCC_WARN_UNINITIALIZED_AUTOS = YES_AGGRESSIVE;
				GCC_WARN_UNUSED_FUNCTION = YES;
				GCC_WARN_UNUSED_VARIABLE = YES;
				IPHONEOS_DEPLOYMENT_TARGET = 13.2;
				MTL_ENABLE_DEBUG_INFO = NO;
				MTL_FAST_MATH = YES;
				SDKROOT = iphoneos;
				SWIFT_COMPILATION_MODE = wholemodule;
				SWIFT_OPTIMIZATION_LEVEL = "-O";
				VALIDATE_PRODUCT = YES;
			};
			name = Release;
		};
		70AF9B8B239ECD6C00C13254 /* Debug */ = {
			isa = XCBuildConfiguration;
			buildSettings = {
				ASSETCATALOG_COMPILER_APPICON_NAME = AppIcon;
				CODE_SIGN_STYLE = Automatic;
				INFOPLIST_FILE = photo/Info.plist;
				LD_RUNPATH_SEARCH_PATHS = (
					"$(inherited)",
					"@executable_path/Frameworks",
				);
				PRODUCT_BUNDLE_IDENTIFIER = com.ginhac.photo;
				PRODUCT_NAME = "$(TARGET_NAME)";
				SWIFT_VERSION = 5.0;
				TARGETED_DEVICE_FAMILY = "1,2";
			};
			name = Debug;
		};
		70AF9B8C239ECD6C00C13254 /* Release */ = {
			isa = XCBuildConfiguration;
			buildSettings = {
				ASSETCATALOG_COMPILER_APPICON_NAME = AppIcon;
				CODE_SIGN_STYLE = Automatic;
				INFOPLIST_FILE = photo/Info.plist;
				LD_RUNPATH_SEARCH_PATHS = (
					"$(inherited)",
					"@executable_path/Frameworks",
				);
				PRODUCT_BUNDLE_IDENTIFIER = com.ginhac.photo;
				PRODUCT_NAME = "$(TARGET_NAME)";
				SWIFT_VERSION = 5.0;
				TARGETED_DEVICE_FAMILY = "1,2";
			};
			name = Release;
		};
/* End XCBuildConfiguration section */

/* Begin XCConfigurationList section */
		70AF9B71239ECD6900C13254 /* Build configuration list for PBXProject "photo" */ = {
			isa = XCConfigurationList;
			buildConfigurations = (
				70AF9B88239ECD6C00C13254 /* Debug */,
				70AF9B89239ECD6C00C13254 /* Release */,
			);
			defaultConfigurationIsVisible = 0;
			defaultConfigurationName = Release;
		};
		70AF9B8A239ECD6C00C13254 /* Build configuration list for PBXNativeTarget "photo" */ = {
			isa = XCConfigurationList;
			buildConfigurations = (
				70AF9B8B239ECD6C00C13254 /* Debug */,
				70AF9B8C239ECD6C00C13254 /* Release */,
			);
			defaultConfigurationIsVisible = 0;
			defaultConfigurationName = Release;
		};
/* End XCConfigurationList section */
	};
	rootObject = 70AF9B6E239ECD6900C13254 /* Project object */;
}
