// !$*UTF8*$!
{
	archiveVersion = 1;
	classes = {
	};
	objectVersion = 50;
	objects = {

/* Begin PBXBuildFile section */
		7027538C23D7606E00868BBE /* data.swift in Sources */ = {isa = PBXBuildFile; fileRef = 7027538B23D7606E00868BBE /* data.swift */; };
		7042C0F823D737090037B773 /* AppDelegate.swift in Sources */ = {isa = PBXBuildFile; fileRef = 7042C0F723D737090037B773 /* AppDelegate.swift */; };
		7042C0FA23D737090037B773 /* SceneDelegate.swift in Sources */ = {isa = PBXBuildFile; fileRef = 7042C0F923D737090037B773 /* SceneDelegate.swift */; };
		7042C0FC23D737090037B773 /* ViewController.swift in Sources */ = {isa = PBXBuildFile; fileRef = 7042C0FB23D737090037B773 /* ViewController.swift */; };
		7042C0FF23D737090037B773 /* Main.storyboard in Resources */ = {isa = PBXBuildFile; fileRef = 7042C0FD23D737090037B773 /* Main.storyboard */; };
		7042C10123D7370B0037B773 /* Assets.xcassets in Resources */ = {isa = PBXBuildFile; fileRef = 7042C10023D7370B0037B773 /* Assets.xcassets */; };
		7042C10423D7370B0037B773 /* LaunchScreen.storyboard in Resources */ = {isa = PBXBuildFile; fileRef = 7042C10223D7370B0037B773 /* LaunchScreen.storyboard */; };
		7042C10C23D7391D0037B773 /* WeatherTableViewCell.swift in Sources */ = {isa = PBXBuildFile; fileRef = 7042C10B23D7391D0037B773 /* WeatherTableViewCell.swift */; };
/* End PBXBuildFile section */

/* Begin PBXFileReference section */
		7027538B23D7606E00868BBE /* data.swift */ = {isa = PBXFileReference; lastKnownFileType = sourcecode.swift; path = data.swift; sourceTree = "<group>"; };
		7042C0F423D737090037B773 /* exam05.app */ = {isa = PBXFileReference; explicitFileType = wrapper.application; includeInIndex = 0; path = exam05.app; sourceTree = BUILT_PRODUCTS_DIR; };
		7042C0F723D737090037B773 /* AppDelegate.swift */ = {isa = PBXFileReference; lastKnownFileType = sourcecode.swift; path = AppDelegate.swift; sourceTree = "<group>"; };
		7042C0F923D737090037B773 /* SceneDelegate.swift */ = {isa = PBXFileReference; lastKnownFileType = sourcecode.swift; path = SceneDelegate.swift; sourceTree = "<group>"; };
		7042C0FB23D737090037B773 /* ViewController.swift */ = {isa = PBXFileReference; lastKnownFileType = sourcecode.swift; path = ViewController.swift; sourceTree = "<group>"; };
		7042C0FE23D737090037B773 /* Base */ = {isa = PBXFileReference; lastKnownFileType = file.storyboard; name = Base; path = Base.lproj/Main.storyboard; sourceTree = "<group>"; };
		7042C10023D7370B0037B773 /* Assets.xcassets */ = {isa = PBXFileReference; lastKnownFileType = folder.assetcatalog; path = Assets.xcassets; sourceTree = "<group>"; };
		7042C10323D7370B0037B773 /* Base */ = {isa = PBXFileReference; lastKnownFileType = file.storyboard; name = Base; path = Base.lproj/LaunchScreen.storyboard; sourceTree = "<group>"; };
		7042C10523D7370B0037B773 /* Info.plist */ = {isa = PBXFileReference; lastKnownFileType = text.plist.xml; path = Info.plist; sourceTree = "<group>"; };
		7042C10B23D7391D0037B773 /* WeatherTableViewCell.swift */ = {isa = PBXFileReference; lastKnownFileType = sourcecode.swift; path = WeatherTableViewCell.swift; sourceTree = "<group>"; };
/* End PBXFileReference section */

/* Begin PBXFrameworksBuildPhase section */
		7042C0F123D737090037B773 /* Frameworks */ = {
			isa = PBXFrameworksBuildPhase;
			buildActionMask = 2147483647;
			files = (
			);
			runOnlyForDeploymentPostprocessing = 0;
		};
/* End PBXFrameworksBuildPhase section */

/* Begin PBXGroup section */
		7042C0EB23D737090037B773 = {
			isa = PBXGroup;
			children = (
				7042C0F623D737090037B773 /* exam05 */,
				7042C0F523D737090037B773 /* Products */,
			);
			sourceTree = "<group>";
		};
		7042C0F523D737090037B773 /* Products */ = {
			isa = PBXGroup;
			children = (
				7042C0F423D737090037B773 /* exam05.app */,
			);
			name = Products;
			sourceTree = "<group>";
		};
		7042C0F623D737090037B773 /* exam05 */ = {
			isa = PBXGroup;
			children = (
				7042C0F723D737090037B773 /* AppDelegate.swift */,
				7042C0F923D737090037B773 /* SceneDelegate.swift */,
				7042C0FB23D737090037B773 /* ViewController.swift */,
				7027538B23D7606E00868BBE /* data.swift */,
				7042C0FD23D737090037B773 /* Main.storyboard */,
				7042C10B23D7391D0037B773 /* WeatherTableViewCell.swift */,
				7042C10023D7370B0037B773 /* Assets.xcassets */,
				7042C10223D7370B0037B773 /* LaunchScreen.storyboard */,
				7042C10523D7370B0037B773 /* Info.plist */,
			);
			path = exam05;
			sourceTree = "<group>";
		};
/* End PBXGroup section */

/* Begin PBXNativeTarget section */
		7042C0F323D737090037B773 /* exam05 */ = {
			isa = PBXNativeTarget;
			buildConfigurationList = 7042C10823D7370B0037B773 /* Build configuration list for PBXNativeTarget "exam05" */;
			buildPhases = (
				7042C0F023D737090037B773 /* Sources */,
				7042C0F123D737090037B773 /* Frameworks */,
				7042C0F223D737090037B773 /* Resources */,
			);
			buildRules = (
			);
			dependencies = (
			);
			name = exam05;
			productName = exam05;
			productReference = 7042C0F423D737090037B773 /* exam05.app */;
			productType = "com.apple.product-type.application";
		};
/* End PBXNativeTarget section */

/* Begin PBXProject section */
		7042C0EC23D737090037B773 /* Project object */ = {
			isa = PBXProject;
			attributes = {
				LastSwiftUpdateCheck = 1130;
				LastUpgradeCheck = 1130;
				ORGANIZATIONNAME = d0m;
				TargetAttributes = {
					7042C0F323D737090037B773 = {
						CreatedOnToolsVersion = 11.3.1;
					};
				};
			};
			buildConfigurationList = 7042C0EF23D737090037B773 /* Build configuration list for PBXProject "exam05" */;
			compatibilityVersion = "Xcode 9.3";
			developmentRegion = en;
			hasScannedForEncodings = 0;
			knownRegions = (
				en,
				Base,
			);
			mainGroup = 7042C0EB23D737090037B773;
			productRefGroup = 7042C0F523D737090037B773 /* Products */;
			projectDirPath = "";
			projectRoot = "";
			targets = (
				7042C0F323D737090037B773 /* exam05 */,
			);
		};
/* End PBXProject section */

/* Begin PBXResourcesBuildPhase section */
		7042C0F223D737090037B773 /* Resources */ = {
			isa = PBXResourcesBuildPhase;
			buildActionMask = 2147483647;
			files = (
				7042C10423D7370B0037B773 /* LaunchScreen.storyboard in Resources */,
				7042C10123D7370B0037B773 /* Assets.xcassets in Resources */,
				7042C0FF23D737090037B773 /* Main.storyboard in Resources */,
			);
			runOnlyForDeploymentPostprocessing = 0;
		};
/* End PBXResourcesBuildPhase section */

/* Begin PBXSourcesBuildPhase section */
		7042C0F023D737090037B773 /* Sources */ = {
			isa = PBXSourcesBuildPhase;
			buildActionMask = 2147483647;
			files = (
				7042C10C23D7391D0037B773 /* WeatherTableViewCell.swift in Sources */,
				7042C0FC23D737090037B773 /* ViewController.swift in Sources */,
				7042C0F823D737090037B773 /* AppDelegate.swift in Sources */,
				7027538C23D7606E00868BBE /* data.swift in Sources */,
				7042C0FA23D737090037B773 /* SceneDelegate.swift in Sources */,
			);
			runOnlyForDeploymentPostprocessing = 0;
		};
/* End PBXSourcesBuildPhase section */

/* Begin PBXVariantGroup section */
		7042C0FD23D737090037B773 /* Main.storyboard */ = {
			isa = PBXVariantGroup;
			children = (
				7042C0FE23D737090037B773 /* Base */,
			);
			name = Main.storyboard;
			sourceTree = "<group>";
		};
		7042C10223D7370B0037B773 /* LaunchScreen.storyboard */ = {
			isa = PBXVariantGroup;
			children = (
				7042C10323D7370B0037B773 /* Base */,
			);
			name = LaunchScreen.storyboard;
			sourceTree = "<group>";
		};
/* End PBXVariantGroup section */

/* Begin XCBuildConfiguration section */
		7042C10623D7370B0037B773 /* Debug */ = {
			isa = XCBuildConfiguration;
			buildSettings = {
				ALWAYS_SEARCH_USER_PATHS = NO;
				CLANG_ANALYZER_NONNULL = YES;
				CLANG_ANALYZER_NUMBER_OBJECT_CONVERSION = YES_AGGRESSIVE;
				CLANG_CXX_LANGUAGE_STANDARD = "gnu++14";
				CLANG_CXX_LIBRARY = "libc++";
				CLANG_ENABLE_MODULES = YES;
				CLANG_ENABLE_OBJC_ARC = YES;
				CLANG_ENABLE_OBJC_WEAK = YES;
				CLANG_WARN_BLOCK_CAPTURE_AUTORELEASING = YES;
				CLANG_WARN_BOOL_CONVERSION = YES;
				CLANG_WARN_COMMA = YES;
				CLANG_WARN_CONSTANT_CONVERSION = YES;
				CLANG_WARN_DEPRECATED_OBJC_IMPLEMENTATIONS = YES;
				CLANG_WARN_DIRECT_OBJC_ISA_USAGE = YES_ERROR;
				CLANG_WARN_DOCUMENTATION_COMMENTS = YES;
				CLANG_WARN_EMPTY_BODY = YES;
				CLANG_WARN_ENUM_CONVERSION = YES;
				CLANG_WARN_INFINITE_RECURSION = YES;
				CLANG_WARN_INT_CONVERSION = YES;
				CLANG_WARN_NON_LITERAL_NULL_CONVERSION = YES;
				CLANG_WARN_OBJC_IMPLICIT_RETAIN_SELF = YES;
				CLANG_WARN_OBJC_LITERAL_CONVERSION = YES;
				CLANG_WARN_OBJC_ROOT_CLASS = YES_ERROR;
				CLANG_WARN_RANGE_LOOP_ANALYSIS = YES;
				CLANG_WARN_STRICT_PROTOTYPES = YES;
				CLANG_WARN_SUSPICIOUS_MOVE = YES;
				CLANG_WARN_UNGUARDED_AVAILABILITY = YES_AGGRESSIVE;
				CLANG_WARN_UNREACHABLE_CODE = YES;
				CLANG_WARN__DUPLICATE_METHOD_MATCH = YES;
				COPY_PHASE_STRIP = NO;
				DEBUG_INFORMATION_FORMAT = dwarf;
				ENABLE_STRICT_OBJC_MSGSEND = YES;
				ENABLE_TESTABILITY = YES;
				GCC_C_LANGUAGE_STANDARD = gnu11;
				GCC_DYNAMIC_NO_PIC = NO;
				GCC_NO_COMMON_BLOCKS = YES;
				GCC_OPTIMIZATION_LEVEL = 0;
				GCC_PREPROCESSOR_DEFINITIONS = (
					"DEBUG=1",
					"$(inherited)",
				);
				GCC_WARN_64_TO_32_BIT_CONVERSION = YES;
				GCC_WARN_ABOUT_RETURN_TYPE = YES_ERROR;
				GCC_WARN_UNDECLARED_SELECTOR = YES;
				GCC_WARN_UNINITIALIZED_AUTOS = YES_AGGRESSIVE;
				GCC_WARN_UNUSED_FUNCTION = YES;
				GCC_WARN_UNUSED_VARIABLE = YES;
				IPHONEOS_DEPLOYMENT_TARGET = 13.2;
				MTL_ENABLE_DEBUG_INFO = INCLUDE_SOURCE;
				MTL_FAST_MATH = YES;
				ONLY_ACTIVE_ARCH = YES;
				SDKROOT = iphoneos;
				SWIFT_ACTIVE_COMPILATION_CONDITIONS = DEBUG;
				SWIFT_OPTIMIZATION_LEVEL = "-Onone";
			};
			name = Debug;
		};
		7042C10723D7370B0037B773 /* Release */ = {
			isa = XCBuildConfiguration;
			buildSettings = {
				ALWAYS_SEARCH_USER_PATHS = NO;
				CLANG_ANALYZER_NONNULL = YES;
				CLANG_ANALYZER_NUMBER_OBJECT_CONVERSION = YES_AGGRESSIVE;
				CLANG_CXX_LANGUAGE_STANDARD = "gnu++14";
				CLANG_CXX_LIBRARY = "libc++";
				CLANG_ENABLE_MODULES = YES;
				CLANG_ENABLE_OBJC_ARC = YES;
				CLANG_ENABLE_OBJC_WEAK = YES;
				CLANG_WARN_BLOCK_CAPTURE_AUTORELEASING = YES;
				CLANG_WARN_BOOL_CONVERSION = YES;
				CLANG_WARN_COMMA = YES;
				CLANG_WARN_CONSTANT_CONVERSION = YES;
				CLANG_WARN_DEPRECATED_OBJC_IMPLEMENTATIONS = YES;
				CLANG_WARN_DIRECT_OBJC_ISA_USAGE = YES_ERROR;
				CLANG_WARN_DOCUMENTATION_COMMENTS = YES;
				CLANG_WARN_EMPTY_BODY = YES;
				CLANG_WARN_ENUM_CONVERSION = YES;
				CLANG_WARN_INFINITE_RECURSION = YES;
				CLANG_WARN_INT_CONVERSION = YES;
				CLANG_WARN_NON_LITERAL_NULL_CONVERSION = YES;
				CLANG_WARN_OBJC_IMPLICIT_RETAIN_SELF = YES;
				CLANG_WARN_OBJC_LITERAL_CONVERSION = YES;
				CLANG_WARN_OBJC_ROOT_CLASS = YES_ERROR;
				CLANG_WARN_RANGE_LOOP_ANALYSIS = YES;
				CLANG_WARN_STRICT_PROTOTYPES = YES;
				CLANG_WARN_SUSPICIOUS_MOVE = YES;
				CLANG_WARN_UNGUARDED_AVAILABILITY = YES_AGGRESSIVE;
				CLANG_WARN_UNREACHABLE_CODE = YES;
				CLANG_WARN__DUPLICATE_METHOD_MATCH = YES;
				COPY_PHASE_STRIP = NO;
				DEBUG_INFORMATION_FORMAT = "dwarf-with-dsym";
				ENABLE_NS_ASSERTIONS = NO;
				ENABLE_STRICT_OBJC_MSGSEND = YES;
				GCC_C_LANGUAGE_STANDARD = gnu11;
				GCC_NO_COMMON_BLOCKS = YES;
				GCC_WARN_64_TO_32_BIT_CONVERSION = YES;
				GCC_WARN_ABOUT_RETURN_TYPE = YES_ERROR;
				GCC_WARN_UNDECLARED_SELECTOR = YES;
				GCC_WARN_UNINITIALIZED_AUTOS = YES_AGGRESSIVE;
				GCC_WARN_UNUSED_FUNCTION = YES;
				GCC_WARN_UNUSED_VARIABLE = YES;
				IPHONEOS_DEPLOYMENT_TARGET = 13.2;
				MTL_ENABLE_DEBUG_INFO = NO;
				MTL_FAST_MATH = YES;
				SDKROOT = iphoneos;
				SWIFT_COMPILATION_MODE = wholemodule;
				SWIFT_OPTIMIZATION_LEVEL = "-O";
				VALIDATE_PRODUCT = YES;
			};
			name = Release;
		};
		7042C10923D7370B0037B773 /* Debug */ = {
			isa = XCBuildConfiguration;
			buildSettings = {
				ASSETCATALOG_COMPILER_APPICON_NAME = AppIcon;
				CODE_SIGN_STYLE = Automatic;
				DEVELOPMENT_TEAM = 3P7YEGCBVU;
				INFOPLIST_FILE = exam05/Info.plist;
				LD_RUNPATH_SEARCH_PATHS = (
					"$(inherited)",
					"@executable_path/Frameworks",
				);
				PRODUCT_BUNDLE_IDENTIFIER = com.ginhac.exam05;
				PRODUCT_NAME = "$(TARGET_NAME)";
				SWIFT_VERSION = 5.0;
				TARGETED_DEVICE_FAMILY = "1,2";
			};
			name = Debug;
		};
		7042C10A23D7370B0037B773 /* Release */ = {
			isa = XCBuildConfiguration;
			buildSettings = {
				ASSETCATALOG_COMPILER_APPICON_NAME = AppIcon;
				CODE_SIGN_STYLE = Automatic;
				DEVELOPMENT_TEAM = 3P7YEGCBVU;
				INFOPLIST_FILE = exam05/Info.plist;
				LD_RUNPATH_SEARCH_PATHS = (
					"$(inherited)",
					"@executable_path/Frameworks",
				);
				PRODUCT_BUNDLE_IDENTIFIER = com.ginhac.exam05;
				PRODUCT_NAME = "$(TARGET_NAME)";
				SWIFT_VERSION = 5.0;
				TARGETED_DEVICE_FAMILY = "1,2";
			};
			name = Release;
		};
/* End XCBuildConfiguration section */

/* Begin XCConfigurationList section */
		7042C0EF23D737090037B773 /* Build configuration list for PBXProject "exam05" */ = {
			isa = XCConfigurationList;
			buildConfigurations = (
				7042C10623D7370B0037B773 /* Debug */,
				7042C10723D7370B0037B773 /* Release */,
			);
			defaultConfigurationIsVisible = 0;
			defaultConfigurationName = Release;
		};
		7042C10823D7370B0037B773 /* Build configuration list for PBXNativeTarget "exam05" */ = {
			isa = XCConfigurationList;
			buildConfigurations = (
				7042C10923D7370B0037B773 /* Debug */,
				7042C10A23D7370B0037B773 /* Release */,
			);
			defaultConfigurationIsVisible = 0;
			defaultConfigurationName = Release;
		};
/* End XCConfigurationList section */
	};
	rootObject = 7042C0EC23D737090037B773 /* Project object */;
}
